
Microsoft Visual Studio Solution File, Format Version 12.00
# Visual Studio Version 17
VisualStudioVersion = 17.8.34511.84
MinimumVisualStudioVersion = 10.0.40219.1
Project("{9A19103F-16F7-4668-BE54-9A1E7A4F7556}") = "Entities", "Entities.csproj", "{A8E96574-789B-41CF-BA36-E3F68BC866A4}"
EndProject
Project("{9A19103F-16F7-4668-BE54-9A1E7A4F7556}") = "Business", "..\Business\Business.csproj", "{F1BF9222-1F73-4F26-B17D-CC237F0B2E2C}"
EndProject
Project("{FAE04EC0-301F-11D3-BF4B-00C04F79EFBC}") = "Workaround", "..\Workaround\Workaround.csproj", "{B852978E-6153-46FB-A37B-13A9F21F217F}"
EndProject
Global
	GlobalSection(SolutionConfigurationPlatforms) = preSolution
		Debug|Any CPU = Debug|Any CPU
		Release|Any CPU = Release|Any CPU
	EndGlobalSection
	GlobalSection(ProjectConfigurationPlatforms) = postSolution
		{A8E96574-789B-41CF-BA36-E3F68BC866A4}.Debug|Any CPU.ActiveCfg = Debug|Any CPU
		{A8E96574-789B-41CF-BA36-E3F68BC866A4}.Debug|Any CPU.Build.0 = Debug|Any CPU
		{A8E96574-789B-41CF-BA36-E3F68BC866A4}.Release|Any CPU.ActiveCfg = Release|Any CPU
		{A8E96574-789B-41CF-BA36-E3F68BC866A4}.Release|Any CPU.Build.0 = Release|Any CPU
		{F1BF9222-1F73-4F26-B17D-CC237F0B2E2C}.Debug|Any CPU.ActiveCfg = Debug|Any CPU
		{F1BF9222-1F73-4F26-B17D-CC237F0B2E2C}.Debug|Any CPU.Build.0 = Debug|Any CPU
		{F1BF9222-1F73-4F26-B17D-CC237F0B2E2C}.Release|Any CPU.ActiveCfg = Release|Any CPU
		{F1BF9222-1F73-4F26-B17D-CC237F0B2E2C}.Release|Any CPU.Build.0 = Release|Any CPU
		{B852978E-6153-46FB-A37B-13A9F21F217F}.Debug|Any CPU.ActiveCfg = Debug|Any CPU
		{B852978E-6153-46FB-A37B-13A9F21F217F}.Debug|Any CPU.Build.0 = Debug|Any CPU
		{B852978E-6153-46FB-A37B-13A9F21F217F}.Release|Any CPU.ActiveCfg = Release|Any CPU
		{B852978E-6153-46FB-A37B-13A9F21F217F}.Release|Any CPU.Build.0 = Release|Any CPU
	EndGlobalSection
	GlobalSection(SolutionProperties) = preSolution
		HideSolutionNode = FALSE
	EndGlobalSection
	GlobalSection(ExtensibilityGlobals) = postSolution
		SolutionGuid = {2034AF14-F5A2-41A5-96E9-4F45ECA863CD}
	EndGlobalSection
EndGlobal
